<?xml version="1.0" encoding="utf-8"?>
<Project ToolsVersion="4.0" xmlns="http://schemas.microsoft.com/developer/msbuild/2003">
  <ItemGroup>
    <Filter Include="Source Files">
      <UniqueIdentifier>{4FC737F1-C7A5-4376-A066-2A32D752A2FF}</UniqueIdentifier>
      <Extensions>cpp;c;cc;cxx;c++;cppm;ixx;def;odl;idl;hpj;bat;asm;asmx</Extensions>
    </Filter>
    <Filter Include="Header Files">
      <UniqueIdentifier>{93995380-89BD-4b04-88EB-625FBE52EBFB}</UniqueIdentifier>
      <Extensions>h;hh;hpp;hxx;h++;hm;inl;inc;ipp;xsd</Extensions>
    </Filter>
    <Filter Include="Resource Files">
      <UniqueIdentifier>{67DA6AB6-F800-4c08-8B7A-83BB121AAD01}</UniqueIdentifier>
      <Extensions>rc;ico;cur;bmp;dlg;rc2;rct;bin;rgs;gif;jpg;jpeg;jpe;resx;tiff;tif;png;wav;mfcribbon-ms</Extensions>
    </Filter>
    <Filter Include="Resource Files\sfx">
      <UniqueIdentifier>{f1c953c7-18a9-4d67-9804-0afba63895cf}</UniqueIdentifier>
    </Filter>
    <Filter Include="Resource Files\sprites">
      <UniqueIdentifier>{a197d9af-e9ac-4fdd-9107-e560f67bb056}</UniqueIdentifier>
    </Filter>
    <Filter Include="Resource Files\music">
      <UniqueIdentifier>{2195182a-9336-4671-bbdd-514ca039e6bb}</UniqueIdentifier>
    </Filter>
  </ItemGroup>
  <ItemGroup>
    <ClCompile Include="main.cpp">
      <Filter>Source Files</Filter>
    </ClCompile>
    <ClCompile Include="multiplayer.cpp">
      <Filter>Source Files</Filter>
    </ClCompile>
    <ClCompile Include="helper.cpp">
      <Filter>Source Files</Filter>
    </ClCompile>
    <ClCompile Include="singleplayer.cpp">
      <Filter>Source Files</Filter>
    </ClCompile>
    <ClCompile Include="menu.cpp">
      <Filter>Source Files</Filter>
    </ClCompile>
    <ClCompile Include="difficultyMenu.cpp">
      <Filter>Source Files</Filter>
    </ClCompile>
    <ClCompile Include="skills.cpp">
      <Filter>Source Files</Filter>
    </ClCompile>
  </ItemGroup>
  <ItemGroup>
    <ClInclude Include="multiplayer.h">
      <Filter>Header Files</Filter>
    </ClInclude>
    <ClInclude Include="helper.h">
      <Filter>Header Files</Filter>
    </ClInclude>
    <ClInclude Include="menu.h">
      <Filter>Header Files</Filter>
    </ClInclude>
    <ClInclude Include="singleplayer.h">
      <Filter>Header Files</Filter>
    </ClInclude>
    <ClInclude Include="difficultyMenu.h">
      <Filter>Header Files</Filter>
    </ClInclude>
    <ClInclude Include="skills.h">
      <Filter>Header Files</Filter>
    </ClInclude>
  </ItemGroup>
  <ItemGroup>
    <None Include="..\README.md">
      <Filter>Source Files</Filter>
    </None>
  </ItemGroup>
  <ItemGroup>
    <Media Include="assets\sfx\hit_weak.wav">
      <Filter>Resource Files\sfx</Filter>
    </Media>
    <Media Include="assets\sfx\menu_hit_strong.wav">
      <Filter>Resource Files\sfx</Filter>
    </Media>
    <Media Include="assets\sfx\menu_hit_weak.wav">
      <Filter>Resource Files\sfx</Filter>
    </Media>
    <Media Include="assets\sfx\explosion.wav">
      <Filter>Resource Files\sfx</Filter>
    </Media>
    <Media Include="assets\sfx\hit_strong.wav">
      <Filter>Resource Files\sfx</Filter>
    </Media>
    <Media Include="assets\music\lolk_x.mp3">
      <Filter>Resource Files\music</Filter>
    </Media>
    <Media Include="assets\sfx\skill_use_fail.wav">
      <Filter>Resource Files\sfx</Filter>
    </Media>
    <Media Include="assets\sfx\sub.wav">
      <Filter>Resource Files\sfx</Filter>
    </Media>
    <Media Include="assets\sfx\ult.wav">
      <Filter>Resource Files\sfx</Filter>
    </Media>
  </ItemGroup>
  <ItemGroup>
    <Image Include="assets\sprites\volume_quiet.png">
      <Filter>Resource Files\sprites</Filter>
    </Image>
    <Image Include="assets\sprites\window_icon.png">
      <Filter>Resource Files\sprites</Filter>
    </Image>
    <Image Include="assets\sprites\volume_loud.png">
      <Filter>Resource Files\sprites</Filter>
    </Image>
    <Image Include="assets\sprites\volume_medium.png">
      <Filter>Resource Files\sprites</Filter>
    </Image>
    <Image Include="assets\sprites\volume_mute.png">
      <Filter>Resource Files\sprites</Filter>
    </Image>
  </ItemGroup>
</Project>